
Microsoft Visual Studio Solution File, Format Version 12.00
# Visual Studio 15
VisualStudioVersion = 15.0.26124.0
MinimumVisualStudioVersion = 15.0.26124.0
Project("{2150E333-8FDC-42A3-9474-1A3956D46DE8}") = "src", "src", "{8988276D-384F-4CC3-B79D-DED8522F7987}"
EndProject
Project("{F2A71F9B-5D33-465A-A702-920D77279786}") = "DX.Api", "src\DX.Api\DX.Api.fsproj", "{14CE0329-5458-4F0E-9DCD-6C0F400404EA}"
EndProject
Global
	GlobalSection(SolutionConfigurationPlatforms) = preSolution
		Debug|Any CPU = Debug|Any CPU
		Debug|x64 = Debug|x64
		Debug|x86 = Debug|x86
		Release|Any CPU = Release|Any CPU
		Release|x64 = Release|x64
		Release|x86 = Release|x86
	EndGlobalSection
	GlobalSection(SolutionProperties) = preSolution
		HideSolutionNode = FALSE
	EndGlobalSection
	GlobalSection(ProjectConfigurationPlatforms) = postSolution
		{14CE0329-5458-4F0E-9DCD-6C0F400404EA}.Debug|Any CPU.ActiveCfg = Debug|Any CPU
		{14CE0329-5458-4F0E-9DCD-6C0F400404EA}.Debug|Any CPU.Build.0 = Debug|Any CPU
		{14CE0329-5458-4F0E-9DCD-6C0F400404EA}.Debug|x64.ActiveCfg = Debug|Any CPU
		{14CE0329-5458-4F0E-9DCD-6C0F400404EA}.Debug|x64.Build.0 = Debug|Any CPU
		{14CE0329-5458-4F0E-9DCD-6C0F400404EA}.Debug|x86.ActiveCfg = Debug|Any CPU
		{14CE0329-5458-4F0E-9DCD-6C0F400404EA}.Debug|x86.Build.0 = Debug|Any CPU
		{14CE0329-5458-4F0E-9DCD-6C0F400404EA}.Release|Any CPU.ActiveCfg = Release|Any CPU
		{14CE0329-5458-4F0E-9DCD-6C0F400404EA}.Release|Any CPU.Build.0 = Release|Any CPU
		{14CE0329-5458-4F0E-9DCD-6C0F400404EA}.Release|x64.ActiveCfg = Release|Any CPU
		{14CE0329-5458-4F0E-9DCD-6C0F400404EA}.Release|x64.Build.0 = Release|Any CPU
		{14CE0329-5458-4F0E-9DCD-6C0F400404EA}.Release|x86.ActiveCfg = Release|Any CPU
		{14CE0329-5458-4F0E-9DCD-6C0F400404EA}.Release|x86.Build.0 = Release|Any CPU
	EndGlobalSection
	GlobalSection(NestedProjects) = preSolution
		{14CE0329-5458-4F0E-9DCD-6C0F400404EA} = {8988276D-384F-4CC3-B79D-DED8522F7987}
	EndGlobalSection
EndGlobal
